
Microsoft Visual Studio Solution File, Format Version 12.00
# Visual Studio Version 16
VisualStudioVersion = 16.0.31321.278
MinimumVisualStudioVersion = 10.0.40219.1
Project("{FAE04EC0-301F-11D3-BF4B-00C04F79EFBC}") = "ConsoleAppJoke", "ConsoleAppJoke\ConsoleAppJoke.csproj", "{6BB94DD9-8084-4939-B8DC-AD3D0301F710}"
EndProject
Global
	GlobalSection(SolutionConfigurationPlatforms) = preSolution
		Debug|Any CPU = Debug|Any CPU
		Release|Any CPU = Release|Any CPU
	EndGlobalSection
	GlobalSection(ProjectConfigurationPlatforms) = postSolution
		{6BB94DD9-8084-4939-B8DC-AD3D0301F710}.Debug|Any CPU.ActiveCfg = Debug|Any CPU
		{6BB94DD9-8084-4939-B8DC-AD3D0301F710}.Debug|Any CPU.Build.0 = Debug|Any CPU
		{6BB94DD9-8084-4939-B8DC-AD3D0301F710}.Release|Any CPU.ActiveCfg = Release|Any CPU
		{6BB94DD9-8084-4939-B8DC-AD3D0301F710}.Release|Any CPU.Build.0 = Release|Any CPU
	EndGlobalSection
	GlobalSection(SolutionProperties) = preSolution
		HideSolutionNode = FALSE
	EndGlobalSection
	GlobalSection(ExtensibilityGlobals) = postSolution
		SolutionGuid = {F3BEB889-6748-46D4-A874-A9AFD6D7FC96}
	EndGlobalSection
EndGlobal
